
Microsoft Visual Studio Solution File, Format Version 12.00
# Visual Studio Version 16
VisualStudioVersion = 16.0.31129.286
MinimumVisualStudioVersion = 10.0.40219.1
Project("{9A19103F-16F7-4668-BE54-9A1E7A4F7556}") = "RustaConsumerList", "RustaConsumerList.csproj", "{029B8E36-9CBD-4348-A478-1FAC7EB7AAB6}"
EndProject
Global
	GlobalSection(SolutionConfigurationPlatforms) = preSolution
		Debug|Any CPU = Debug|Any CPU
		Release|Any CPU = Release|Any CPU
	EndGlobalSection
	GlobalSection(ProjectConfigurationPlatforms) = postSolution
		{029B8E36-9CBD-4348-A478-1FAC7EB7AAB6}.Debug|Any CPU.ActiveCfg = Debug|Any CPU
		{029B8E36-9CBD-4348-A478-1FAC7EB7AAB6}.Debug|Any CPU.Build.0 = Debug|Any CPU
		{029B8E36-9CBD-4348-A478-1FAC7EB7AAB6}.Release|Any CPU.ActiveCfg = Release|Any CPU
		{029B8E36-9CBD-4348-A478-1FAC7EB7AAB6}.Release|Any CPU.Build.0 = Release|Any CPU
	EndGlobalSection
	GlobalSection(SolutionProperties) = preSolution
		HideSolutionNode = FALSE
	EndGlobalSection
	GlobalSection(ExtensibilityGlobals) = postSolution
		SolutionGuid = {00FAC52F-0B86-4036-BE1A-32D23723C152}
	EndGlobalSection
EndGlobal
